github.com/Sirupsen/logrus v0.0.0-20160829202321-3ec0642a7fb6 h1:Tp6VdyWz8sPuNnRbgf5jqIOV/zoG4mA5nBHtJyFb4Hc=
github.com/Sirupsen/logrus v0.0.0-20160829202321-3ec0642a7fb6/go.mod h1:rmk17hk6i8ZSAJkSDa7nOxamrG+SP4P0mm+DAvExv4U=
github.com/aws/aws-sdk-go v0.0.0-20161007224333-c0d7d3282e4c h1:IF3li2sCc78JFAsluLt9iiCCOnWkMYG9FApcWnq4Sv0=
github.com/aws/aws-sdk-go v0.0.0-20161007224333-c0d7d3282e4c/go.mod h1:ZRmQr0FajVIyZ4ZzBYKG5P3ZqPz9IHG41ZoMu1ADI3k=
github.com/franela/goblin v0.0.0-20170111051028-2fa789fd0c6b h1:pFXMOmYgv60RqCPRU9v+jprPw88/oor7dQDykOfi17A=
github.com/franela/goblin v0.0.0-20170111051028-2fa789fd0c6b/go.mod h1:7dvUGVsVBjqR7JHJk0brhHOZYGmfBYOrK0ZhYMEtBr4=
github.com/franela/goblin v0.0.0-20200105215937-c9ffbefa60db h1:gb2Z18BhTPJPpLQWj4T+rfKHYCHxRHCtRxhKKjRidVw=
github.com/franela/goblin v0.0.0-20200105215937-c9ffbefa60db/go.mod h1:7dvUGVsVBjqR7JHJk0brhHOZYGmfBYOrK0ZhYMEtBr4=
github.com/go-ini/ini v1.21.1 h1:+QXUYsI7Tfxc64oD6R5BxU/Aq+UwGkyjH4W/hMNG7bg=
github.com/go-ini/ini v1.21.1/go.mod h1:ByCAeIL28uOIIG0E3PJtZPDL8WnHpFKFOtgjp+3Ies8=
github.com/jmespath/go-jmespath v0.0.0-20160803190731-bd40a432e4c7 h1:SMvOWPJCES2GdFracYbBQh93GXac8fq7HeN6JnpduB8=
github.com/jmespath/go-jmespath v0.0.0-20160803190731-bd40a432e4c7/go.mod h1:Nht3zPeWKUH0NzdCt2Blrr5ys8VGpn0CEB0cQHVjt7k=
github.com/joho/godotenv v0.0.0-20150907010228-4ed13390c0ac h1:wF2VgtpbaLqhBHV9FxVWzgzgv8VcCjZ66Bl/+F6cpT0=
github.com/joho/godotenv v0.0.0-20150907010228-4ed13390c0ac/go.mod h1:7hK45KPybAkOC6peb+G5yklZfMxEjkZhHbwpqxOKXbg=
github.com/joho/godotenv v1.3.0 h1:Zjp+RcGpHhGlrMbJzXTrZZPrWj+1vfm90La1wgB6Bhc=
github.com/joho/godotenv v1.3.0/go.mod h1:7hK45KPybAkOC6peb+G5yklZfMxEjkZhHbwpqxOKXbg=
github.com/urfave/cli v0.0.0-20161006035353-55f715e28c46 h1:EztUvugq7AA7F3lYLmtFQyvKdcY5pisPt10DqPjRCL8=
github.com/urfave/cli v0.0.0-20161006035353-55f715e28c46/go.mod h1:70zkFmudgCuE/ngEzBv17Jvp/497gISqfk5gWijbERA=
golang.org/x/sys v0.0.0-20161006025142-8d1157a43547 h1:lieXmNKpDj68llh9S3E0TfOPO3kHHn5jt5d/2nmylEc=
golang.org/x/sys v0.0.0-20161006025142-8d1157a43547/go.mod h1:STP8DvDyc/dI5b8T5hshtkjS+E42TnysNCUPdjciGhY=
